
Microsoft Visual Studio Solution File, Format Version 12.00
# Visual Studio Version 17
VisualStudioVersion = 17.2.32519.379
MinimumVisualStudioVersion = 10.0.40219.1
Project("{FAE04EC0-301F-11D3-BF4B-00C04F79EFBC}") = "CalculodaMedia", "CalculodaMedia.csproj", "{3A5727E7-BE8B-4EA9-8E21-2C16026BCA03}"
EndProject
Global
	GlobalSection(SolutionConfigurationPlatforms) = preSolution
		Debug|Any CPU = Debug|Any CPU
		Release|Any CPU = Release|Any CPU
	EndGlobalSection
	GlobalSection(ProjectConfigurationPlatforms) = postSolution
		{3A5727E7-BE8B-4EA9-8E21-2C16026BCA03}.Debug|Any CPU.ActiveCfg = Debug|Any CPU
		{3A5727E7-BE8B-4EA9-8E21-2C16026BCA03}.Debug|Any CPU.Build.0 = Debug|Any CPU
		{3A5727E7-BE8B-4EA9-8E21-2C16026BCA03}.Release|Any CPU.ActiveCfg = Release|Any CPU
		{3A5727E7-BE8B-4EA9-8E21-2C16026BCA03}.Release|Any CPU.Build.0 = Release|Any CPU
	EndGlobalSection
	GlobalSection(SolutionProperties) = preSolution
		HideSolutionNode = FALSE
	EndGlobalSection
	GlobalSection(ExtensibilityGlobals) = postSolution
		SolutionGuid = {E1B69D2E-21AE-4E5B-9F15-3E89B7FE889B}
	EndGlobalSection
EndGlobal
