
Microsoft Visual Studio Solution File, Format Version 12.00
# Visual Studio Version 17
VisualStudioVersion = 17.2.32519.379
MinimumVisualStudioVersion = 10.0.40219.1
Project("{FAE04EC0-301F-11D3-BF4B-00C04F79EFBC}") = "VerificarNumeros", "VerificarNumeros.csproj", "{B415612C-42A2-446D-A242-75CF0CD9882D}"
EndProject
Global
	GlobalSection(SolutionConfigurationPlatforms) = preSolution
		Debug|Any CPU = Debug|Any CPU
		Release|Any CPU = Release|Any CPU
	EndGlobalSection
	GlobalSection(ProjectConfigurationPlatforms) = postSolution
		{B415612C-42A2-446D-A242-75CF0CD9882D}.Debug|Any CPU.ActiveCfg = Debug|Any CPU
		{B415612C-42A2-446D-A242-75CF0CD9882D}.Debug|Any CPU.Build.0 = Debug|Any CPU
		{B415612C-42A2-446D-A242-75CF0CD9882D}.Release|Any CPU.ActiveCfg = Release|Any CPU
		{B415612C-42A2-446D-A242-75CF0CD9882D}.Release|Any CPU.Build.0 = Release|Any CPU
	EndGlobalSection
	GlobalSection(SolutionProperties) = preSolution
		HideSolutionNode = FALSE
	EndGlobalSection
	GlobalSection(ExtensibilityGlobals) = postSolution
		SolutionGuid = {FD06E8D1-06F2-49E5-972E-FBD078D5AF9F}
	EndGlobalSection
EndGlobal
