
Microsoft Visual Studio Solution File, Format Version 12.00
# Visual Studio Version 17
VisualStudioVersion = 17.2.32526.322
MinimumVisualStudioVersion = 10.0.40219.1
Project("{FAE04EC0-301F-11D3-BF4B-00C04F79EFBC}") = "String", "String.csproj", "{57E01D23-C462-4F35-A947-E483BC126F63}"
EndProject
Global
	GlobalSection(SolutionConfigurationPlatforms) = preSolution
		Debug|Any CPU = Debug|Any CPU
		Release|Any CPU = Release|Any CPU
	EndGlobalSection
	GlobalSection(ProjectConfigurationPlatforms) = postSolution
		{57E01D23-C462-4F35-A947-E483BC126F63}.Debug|Any CPU.ActiveCfg = Debug|Any CPU
		{57E01D23-C462-4F35-A947-E483BC126F63}.Debug|Any CPU.Build.0 = Debug|Any CPU
		{57E01D23-C462-4F35-A947-E483BC126F63}.Release|Any CPU.ActiveCfg = Release|Any CPU
		{57E01D23-C462-4F35-A947-E483BC126F63}.Release|Any CPU.Build.0 = Release|Any CPU
	EndGlobalSection
	GlobalSection(SolutionProperties) = preSolution
		HideSolutionNode = FALSE
	EndGlobalSection
	GlobalSection(ExtensibilityGlobals) = postSolution
		SolutionGuid = {19B2D93C-D8E7-445A-BA73-B7443E89B3BE}
	EndGlobalSection
EndGlobal
