
Microsoft Visual Studio Solution File, Format Version 12.00
# Visual Studio Version 17
VisualStudioVersion = 17.2.32505.173
MinimumVisualStudioVersion = 10.0.40219.1
Project("{FAE04EC0-301F-11D3-BF4B-00C04F79EFBC}") = "ConsoleExemplo21", "ConsoleExemplo21.csproj", "{EB50AE06-0E22-4269-8DB4-3F6E18F4E502}"
EndProject
Global
	GlobalSection(SolutionConfigurationPlatforms) = preSolution
		Debug|Any CPU = Debug|Any CPU
		Release|Any CPU = Release|Any CPU
	EndGlobalSection
	GlobalSection(ProjectConfigurationPlatforms) = postSolution
		{EB50AE06-0E22-4269-8DB4-3F6E18F4E502}.Debug|Any CPU.ActiveCfg = Debug|Any CPU
		{EB50AE06-0E22-4269-8DB4-3F6E18F4E502}.Debug|Any CPU.Build.0 = Debug|Any CPU
		{EB50AE06-0E22-4269-8DB4-3F6E18F4E502}.Release|Any CPU.ActiveCfg = Release|Any CPU
		{EB50AE06-0E22-4269-8DB4-3F6E18F4E502}.Release|Any CPU.Build.0 = Release|Any CPU
	EndGlobalSection
	GlobalSection(SolutionProperties) = preSolution
		HideSolutionNode = FALSE
	EndGlobalSection
	GlobalSection(ExtensibilityGlobals) = postSolution
		SolutionGuid = {42FCFC03-6CDE-45B0-AC77-77F4D5164169}
	EndGlobalSection
EndGlobal
