
Microsoft Visual Studio Solution File, Format Version 12.00
# Visual Studio Version 17
VisualStudioVersion = 17.2.32526.322
MinimumVisualStudioVersion = 10.0.40219.1
Project("{FAE04EC0-301F-11D3-BF4B-00C04F79EFBC}") = "Pi", "Pi.csproj", "{BDF35227-ADC5-4511-9980-28C11929980C}"
EndProject
Global
	GlobalSection(SolutionConfigurationPlatforms) = preSolution
		Debug|Any CPU = Debug|Any CPU
		Release|Any CPU = Release|Any CPU
	EndGlobalSection
	GlobalSection(ProjectConfigurationPlatforms) = postSolution
		{BDF35227-ADC5-4511-9980-28C11929980C}.Debug|Any CPU.ActiveCfg = Debug|Any CPU
		{BDF35227-ADC5-4511-9980-28C11929980C}.Debug|Any CPU.Build.0 = Debug|Any CPU
		{BDF35227-ADC5-4511-9980-28C11929980C}.Release|Any CPU.ActiveCfg = Release|Any CPU
		{BDF35227-ADC5-4511-9980-28C11929980C}.Release|Any CPU.Build.0 = Release|Any CPU
	EndGlobalSection
	GlobalSection(SolutionProperties) = preSolution
		HideSolutionNode = FALSE
	EndGlobalSection
	GlobalSection(ExtensibilityGlobals) = postSolution
		SolutionGuid = {47407F34-70B9-4A19-98E8-C6F78539ADF0}
	EndGlobalSection
EndGlobal
