
Microsoft Visual Studio Solution File, Format Version 12.00
# Visual Studio Version 17
VisualStudioVersion = 17.2.32505.173
MinimumVisualStudioVersion = 10.0.40219.1
Project("{FAE04EC0-301F-11D3-BF4B-00C04F79EFBC}") = "ConsoleExemplo17", "ConsoleExemplo17.csproj", "{F429643C-239B-4224-8153-8EF2DE87FCBF}"
EndProject
Global
	GlobalSection(SolutionConfigurationPlatforms) = preSolution
		Debug|Any CPU = Debug|Any CPU
		Release|Any CPU = Release|Any CPU
	EndGlobalSection
	GlobalSection(ProjectConfigurationPlatforms) = postSolution
		{F429643C-239B-4224-8153-8EF2DE87FCBF}.Debug|Any CPU.ActiveCfg = Debug|Any CPU
		{F429643C-239B-4224-8153-8EF2DE87FCBF}.Debug|Any CPU.Build.0 = Debug|Any CPU
		{F429643C-239B-4224-8153-8EF2DE87FCBF}.Release|Any CPU.ActiveCfg = Release|Any CPU
		{F429643C-239B-4224-8153-8EF2DE87FCBF}.Release|Any CPU.Build.0 = Release|Any CPU
	EndGlobalSection
	GlobalSection(SolutionProperties) = preSolution
		HideSolutionNode = FALSE
	EndGlobalSection
	GlobalSection(ExtensibilityGlobals) = postSolution
		SolutionGuid = {F972ED28-2EB4-4AF8-A06D-76F0FFD9BA30}
	EndGlobalSection
EndGlobal
